<?xml version="1.0" encoding="utf-8"?>
<Project ToolsVersion="4.0" xmlns="http://schemas.microsoft.com/developer/msbuild/2003">
  <ItemGroup>
    <Filter Include="소스 파일">
      <UniqueIdentifier>{4FC737F1-C7A5-4376-A066-2A32D752A2FF}</UniqueIdentifier>
      <Extensions>cpp;c;cc;cxx;c++;cppm;ixx;def;odl;idl;hpj;bat;asm;asmx</Extensions>
    </Filter>
    <Filter Include="헤더 파일">
      <UniqueIdentifier>{93995380-89BD-4b04-88EB-625FBE52EBFB}</UniqueIdentifier>
      <Extensions>h;hh;hpp;hxx;h++;hm;inl;inc;ipp;xsd</Extensions>
    </Filter>
    <Filter Include="리소스 파일">
      <UniqueIdentifier>{67DA6AB6-F800-4c08-8B7A-83BB121AAD01}</UniqueIdentifier>
      <Extensions>rc;ico;cur;bmp;dlg;rc2;rct;bin;rgs;gif;jpg;jpeg;jpe;resx;tiff;tif;png;wav;mfcribbon-ms</Extensions>
    </Filter>
    <Filter Include="소스 파일\Object">
      <UniqueIdentifier>{ab81c095-cc9d-4ccd-9b34-f7c9faa848f8}</UniqueIdentifier>
    </Filter>
    <Filter Include="소스 파일\Object\Player">
      <UniqueIdentifier>{4311f792-8f33-4662-87a3-de2cd36a857f}</UniqueIdentifier>
    </Filter>
    <Filter Include="소스 파일\NetWork">
      <UniqueIdentifier>{cc73b398-0e36-4b3e-ac39-98e73284fc08}</UniqueIdentifier>
    </Filter>
    <Filter Include="소스 파일\WorkThread">
      <UniqueIdentifier>{aa01b093-b7af-4e55-a246-c1b108715728}</UniqueIdentifier>
    </Filter>
    <Filter Include="소스 파일\Object\DefaultNPC">
      <UniqueIdentifier>{452de979-481c-46c9-849d-4e3dac9a9c6e}</UniqueIdentifier>
    </Filter>
    <Filter Include="소스 파일\Zone">
      <UniqueIdentifier>{e8ca3e3d-598a-4056-8462-52bb1ba3cbbf}</UniqueIdentifier>
    </Filter>
    <Filter Include="소스 파일\NetWork\TimerThread">
      <UniqueIdentifier>{351077e1-64cc-42f1-a65a-90e4408aac9d}</UniqueIdentifier>
    </Filter>
  </ItemGroup>
  <ItemGroup>
    <ClCompile Include="main.cpp">
      <Filter>소스 파일</Filter>
    </ClCompile>
    <ClCompile Include="Object.cpp">
      <Filter>소스 파일\Object</Filter>
    </ClCompile>
    <ClCompile Include="NetWork.cpp">
      <Filter>소스 파일\NetWork</Filter>
    </ClCompile>
    <ClCompile Include="WorkThread.cpp">
      <Filter>소스 파일\WorkThread</Filter>
    </ClCompile>
    <ClCompile Include="Player.cpp">
      <Filter>소스 파일\Object\Player</Filter>
    </ClCompile>
    <ClCompile Include="Zone.cpp">
      <Filter>소스 파일\Zone</Filter>
    </ClCompile>
    <ClCompile Include="TimerThread.cpp">
      <Filter>소스 파일\NetWork\TimerThread</Filter>
    </ClCompile>
    <ClCompile Include="DefaultNPC.cpp">
      <Filter>소스 파일\Object\DefaultNPC</Filter>
    </ClCompile>
  </ItemGroup>
  <ItemGroup>
    <ClInclude Include="Object.h">
      <Filter>소스 파일\Object</Filter>
    </ClInclude>
    <ClInclude Include="Player.h">
      <Filter>소스 파일\Object\Player</Filter>
    </ClInclude>
    <ClInclude Include="NetWork.h">
      <Filter>소스 파일\NetWork</Filter>
    </ClInclude>
    <ClInclude Include="WorkThread.h">
      <Filter>소스 파일\WorkThread</Filter>
    </ClInclude>
    <ClInclude Include="DefaultNPC.h">
      <Filter>소스 파일\Object\DefaultNPC</Filter>
    </ClInclude>
    <ClInclude Include="Zone.h">
      <Filter>소스 파일\Zone</Filter>
    </ClInclude>
    <ClInclude Include="TimerThread.h">
      <Filter>소스 파일\NetWork\TimerThread</Filter>
    </ClInclude>
    <ClInclude Include="..\protocol_2023.h">
      <Filter>헤더 파일</Filter>
    </ClInclude>
    <ClInclude Include="..\DBprotocol.h">
      <Filter>헤더 파일</Filter>
    </ClInclude>
  </ItemGroup>
  <ItemGroup>
    <Library Include="lua54.lib">
      <Filter>리소스 파일</Filter>
    </Library>
  </ItemGroup>
  <ItemGroup>
    <None Include="npc.lua">
      <Filter>리소스 파일</Filter>
    </None>
  </ItemGroup>
</Project>